
Microsoft Visual Studio Solution File, Format Version 12.00
# Visual Studio 15
VisualStudioVersion = 15.0.27004.2005
MinimumVisualStudioVersion = 10.0.40219.1
Project("{FAE04EC0-301F-11D3-BF4B-00C04F79EFBC}") = "Console", "Console\Console.csproj", "{F17F8793-C210-4251-B12A-9C7991CE5CC2}"
EndProject
Project("{FAE04EC0-301F-11D3-BF4B-00C04F79EFBC}") = "TestAtata", "..\TestAtata\TestAtata\TestAtata.csproj", "{034D0B38-572C-42E9-8AC4-F2C96EB18A81}"
EndProject
Project("{FAE04EC0-301F-11D3-BF4B-00C04F79EFBC}") = "TestAtataClassLibrary", "..\TestAtataClassLibrary\TestAtataClassLibrary\TestAtataClassLibrary.csproj", "{454A4C55-3C1E-40D4-885A-706B09CDDD94}"
EndProject
Global
	GlobalSection(SolutionConfigurationPlatforms) = preSolution
		Debug|Any CPU = Debug|Any CPU
		Release|Any CPU = Release|Any CPU
	EndGlobalSection
	GlobalSection(ProjectConfigurationPlatforms) = postSolution
		{F17F8793-C210-4251-B12A-9C7991CE5CC2}.Debug|Any CPU.ActiveCfg = Debug|Any CPU
		{F17F8793-C210-4251-B12A-9C7991CE5CC2}.Debug|Any CPU.Build.0 = Debug|Any CPU
		{F17F8793-C210-4251-B12A-9C7991CE5CC2}.Release|Any CPU.ActiveCfg = Release|Any CPU
		{F17F8793-C210-4251-B12A-9C7991CE5CC2}.Release|Any CPU.Build.0 = Release|Any CPU
		{034D0B38-572C-42E9-8AC4-F2C96EB18A81}.Debug|Any CPU.ActiveCfg = Debug|Any CPU
		{034D0B38-572C-42E9-8AC4-F2C96EB18A81}.Debug|Any CPU.Build.0 = Debug|Any CPU
		{034D0B38-572C-42E9-8AC4-F2C96EB18A81}.Release|Any CPU.ActiveCfg = Release|Any CPU
		{034D0B38-572C-42E9-8AC4-F2C96EB18A81}.Release|Any CPU.Build.0 = Release|Any CPU
		{454A4C55-3C1E-40D4-885A-706B09CDDD94}.Debug|Any CPU.ActiveCfg = Debug|Any CPU
		{454A4C55-3C1E-40D4-885A-706B09CDDD94}.Debug|Any CPU.Build.0 = Debug|Any CPU
		{454A4C55-3C1E-40D4-885A-706B09CDDD94}.Release|Any CPU.ActiveCfg = Release|Any CPU
		{454A4C55-3C1E-40D4-885A-706B09CDDD94}.Release|Any CPU.Build.0 = Release|Any CPU
	EndGlobalSection
	GlobalSection(SolutionProperties) = preSolution
		HideSolutionNode = FALSE
	EndGlobalSection
	GlobalSection(ExtensibilityGlobals) = postSolution
		SolutionGuid = {5CAF91FB-E9C7-4D30-8D76-E7FCAF03508E}
	EndGlobalSection
EndGlobal
